
Microsoft Visual Studio Solution File, Format Version 12.00
# Visual Studio Version 17
VisualStudioVersion = 17.13.35806.99 d17.13
MinimumVisualStudioVersion = 10.0.40219.1
Project("{FAE04EC0-301F-11D3-BF4B-00C04F79EFBC}") = "Solução 3", "Solução 3.csproj", "{F2F28FCC-D7F4-4FEC-A071-EEC47563E99C}"
EndProject
Global
	GlobalSection(SolutionConfigurationPlatforms) = preSolution
		Debug|Any CPU = Debug|Any CPU
		Release|Any CPU = Release|Any CPU
	EndGlobalSection
	GlobalSection(ProjectConfigurationPlatforms) = postSolution
		{F2F28FCC-D7F4-4FEC-A071-EEC47563E99C}.Debug|Any CPU.ActiveCfg = Debug|Any CPU
		{F2F28FCC-D7F4-4FEC-A071-EEC47563E99C}.Debug|Any CPU.Build.0 = Debug|Any CPU
		{F2F28FCC-D7F4-4FEC-A071-EEC47563E99C}.Release|Any CPU.ActiveCfg = Release|Any CPU
		{F2F28FCC-D7F4-4FEC-A071-EEC47563E99C}.Release|Any CPU.Build.0 = Release|Any CPU
	EndGlobalSection
	GlobalSection(SolutionProperties) = preSolution
		HideSolutionNode = FALSE
	EndGlobalSection
	GlobalSection(ExtensibilityGlobals) = postSolution
		SolutionGuid = {A5CCE570-41B8-4A1A-8888-5619FB5A34C6}
	EndGlobalSection
EndGlobal
